
Microsoft Visual Studio Solution File, Format Version 12.00
# Visual Studio 15
VisualStudioVersion = 15.0.27703.2035
MinimumVisualStudioVersion = 10.0.40219.1
Project("{FAE04EC0-301F-11D3-BF4B-00C04F79EFBC}") = "FahrenheitToCelsius", "FahrenheitToCelsius\FahrenheitToCelsius.csproj", "{57E0587F-04D8-41E9-9936-FB84CF101578}"
EndProject
Global
	GlobalSection(SolutionConfigurationPlatforms) = preSolution
		Debug|Any CPU = Debug|Any CPU
		Release|Any CPU = Release|Any CPU
	EndGlobalSection
	GlobalSection(ProjectConfigurationPlatforms) = postSolution
		{57E0587F-04D8-41E9-9936-FB84CF101578}.Debug|Any CPU.ActiveCfg = Debug|Any CPU
		{57E0587F-04D8-41E9-9936-FB84CF101578}.Debug|Any CPU.Build.0 = Debug|Any CPU
		{57E0587F-04D8-41E9-9936-FB84CF101578}.Release|Any CPU.ActiveCfg = Release|Any CPU
		{57E0587F-04D8-41E9-9936-FB84CF101578}.Release|Any CPU.Build.0 = Release|Any CPU
	EndGlobalSection
	GlobalSection(SolutionProperties) = preSolution
		HideSolutionNode = FALSE
	EndGlobalSection
	GlobalSection(ExtensibilityGlobals) = postSolution
		SolutionGuid = {13CE0BC0-867F-492C-ACC6-19B8E73AD2C3}
	EndGlobalSection
EndGlobal
