
Microsoft Visual Studio Solution File, Format Version 12.00
# Visual Studio 15
VisualStudioVersion = 15.0.27703.2035
MinimumVisualStudioVersion = 10.0.40219.1
Project("{FAE04EC0-301F-11D3-BF4B-00C04F79EFBC}") = "GreenvilleRevenueGUI", "GreenvilleRevenueGUI\GreenvilleRevenueGUI.csproj", "{284066E0-3C82-4CBE-8068-A3947A8E9329}"
EndProject
Global
	GlobalSection(SolutionConfigurationPlatforms) = preSolution
		Debug|Any CPU = Debug|Any CPU
		Release|Any CPU = Release|Any CPU
	EndGlobalSection
	GlobalSection(ProjectConfigurationPlatforms) = postSolution
		{284066E0-3C82-4CBE-8068-A3947A8E9329}.Debug|Any CPU.ActiveCfg = Debug|Any CPU
		{284066E0-3C82-4CBE-8068-A3947A8E9329}.Debug|Any CPU.Build.0 = Debug|Any CPU
		{284066E0-3C82-4CBE-8068-A3947A8E9329}.Release|Any CPU.ActiveCfg = Release|Any CPU
		{284066E0-3C82-4CBE-8068-A3947A8E9329}.Release|Any CPU.Build.0 = Release|Any CPU
	EndGlobalSection
	GlobalSection(SolutionProperties) = preSolution
		HideSolutionNode = FALSE
	EndGlobalSection
	GlobalSection(ExtensibilityGlobals) = postSolution
		SolutionGuid = {3ED51B43-8A4A-420A-A75A-FCAE4654C8C6}
	EndGlobalSection
EndGlobal
