
Microsoft Visual Studio Solution File, Format Version 12.00
# Visual Studio 15
VisualStudioVersion = 15.0.27703.2035
MinimumVisualStudioVersion = 10.0.40219.1
Project("{FAE04EC0-301F-11D3-BF4B-00C04F79EFBC}") = "MilesToKilometersGUI", "MilesToKilometersGUI\MilesToKilometersGUI.csproj", "{0729BE3D-5AC9-4D98-B87B-47E6E54EFB7B}"
EndProject
Global
	GlobalSection(SolutionConfigurationPlatforms) = preSolution
		Debug|Any CPU = Debug|Any CPU
		Release|Any CPU = Release|Any CPU
	EndGlobalSection
	GlobalSection(ProjectConfigurationPlatforms) = postSolution
		{0729BE3D-5AC9-4D98-B87B-47E6E54EFB7B}.Debug|Any CPU.ActiveCfg = Debug|Any CPU
		{0729BE3D-5AC9-4D98-B87B-47E6E54EFB7B}.Debug|Any CPU.Build.0 = Debug|Any CPU
		{0729BE3D-5AC9-4D98-B87B-47E6E54EFB7B}.Release|Any CPU.ActiveCfg = Release|Any CPU
		{0729BE3D-5AC9-4D98-B87B-47E6E54EFB7B}.Release|Any CPU.Build.0 = Release|Any CPU
	EndGlobalSection
	GlobalSection(SolutionProperties) = preSolution
		HideSolutionNode = FALSE
	EndGlobalSection
	GlobalSection(ExtensibilityGlobals) = postSolution
		SolutionGuid = {357E0FB5-30CE-4A0E-9BCF-AC3181F55D62}
	EndGlobalSection
EndGlobal
